github.com/razonyang/hugo-theme-bootstrap v1.0.0-alpha.1.0.20220710082201-42f39a00cd5f h1:2a0MSYG0ouHMHyMKFLGadMW8ssyT/DlDaZ+q/XnJeNY=
github.com/razonyang/hugo-theme-bootstrap v1.0.0-alpha.1.0.20220710082201-42f39a00cd5f/go.mod h1:o+IIPL/5wreiTojnN4MsQqKuxbv3fWAQnMhG9geltQo=
github.com/razonyang/hugo-theme-bootstrap v1.0.0-alpha.1.0.20220721022352-14839f301499 h1:v66F1mevNqTrTYLNiy6XLH5F9fyzrb7/PlHbjaFn/LU=
github.com/razonyang/hugo-theme-bootstrap v1.0.0-alpha.1.0.20220721022352-14839f301499/go.mod h1:o+IIPL/5wreiTojnN4MsQqKuxbv3fWAQnMhG9geltQo=
