github.com/razonyang/hugo-theme-bootstrap v0.75.1 h1:UhCjcj0GADyAoCRyBEMSQVupnpmDSlcjx5G8EiqXtpM=
github.com/razonyang/hugo-theme-bootstrap v0.75.1/go.mod h1:o+IIPL/5wreiTojnN4MsQqKuxbv3fWAQnMhG9geltQo=
github.com/razonyang/hugo-theme-bootstrap v0.76.0 h1:x9fvzNRhgOZ+oqY7RSXBLyhfijCMZg6TcL8I0laXkv8=
github.com/razonyang/hugo-theme-bootstrap v0.76.0/go.mod h1:o+IIPL/5wreiTojnN4MsQqKuxbv3fWAQnMhG9geltQo=
